
Microsoft Visual Studio Solution File, Format Version 12.00
# Visual Studio Version 16
VisualStudioVersion = 16.0.31005.135
MinimumVisualStudioVersion = 10.0.40219.1
Project("{FAE04EC0-301F-11D3-BF4B-00C04F79EFBC}") = "Binary test", "Binary test\Binary test.csproj", "{5D30CAD5-5348-4711-B54C-6E924CDA9119}"
EndProject
Global
	GlobalSection(SolutionConfigurationPlatforms) = preSolution
		Debug|Any CPU = Debug|Any CPU
		Release|Any CPU = Release|Any CPU
	EndGlobalSection
	GlobalSection(ProjectConfigurationPlatforms) = postSolution
		{5D30CAD5-5348-4711-B54C-6E924CDA9119}.Debug|Any CPU.ActiveCfg = Debug|Any CPU
		{5D30CAD5-5348-4711-B54C-6E924CDA9119}.Debug|Any CPU.Build.0 = Debug|Any CPU
		{5D30CAD5-5348-4711-B54C-6E924CDA9119}.Release|Any CPU.ActiveCfg = Release|Any CPU
		{5D30CAD5-5348-4711-B54C-6E924CDA9119}.Release|Any CPU.Build.0 = Release|Any CPU
	EndGlobalSection
	GlobalSection(SolutionProperties) = preSolution
		HideSolutionNode = FALSE
	EndGlobalSection
	GlobalSection(ExtensibilityGlobals) = postSolution
		SolutionGuid = {786D4AD2-FD67-4462-A298-94CEB1B3550A}
	EndGlobalSection
EndGlobal
